// !$*UTF8*$!
{
	archiveVersion = 1;
	classes = {
	};
	objectVersion = 77;
	objects = {

/* Begin PBXBuildFile section */
		10010F6E3071D9A900475C31 /* FirebaseCore in Frameworks */ = {isa = PBXBuildFile; productRef = 10010F6D3071D9A900475C31 /* FirebaseCore */; };
		10010F703071D9A900475C31 /* FirebaseFirestore in Frameworks */ = {isa = PBXBuildFile; productRef = 10010F6F3071D9A900475C31 /* FirebaseFirestore */; };
		10010F723071DCF900475C31 /* FirebaseDatabase in Frameworks */ = {isa = PBXBuildFile; productRef = 10010F713071DCF900475C31 /* FirebaseDatabase */; };
		10010F793071EC4500475C31 /* TextChatCell.swift in Sources */ = {isa = PBXBuildFile; fileRef = 10010F783071EC4400475C31 /* TextChatCell.swift */; };
		10010F7B3071EC5400475C31 /* MediaChatCell.swift in Sources */ = {isa = PBXBuildFile; fileRef = 10010F7A3071EC5300475C31 /* MediaChatCell.swift */; };
		10010F7F3071EC7400475C31 /* LoaderChatCell.swift in Sources */ = {isa = PBXBuildFile; fileRef = 10010F7E3071EC7300475C31 /* LoaderChatCell.swift */; };
		10010F813071F45400475C31 /* ChatRockStarBottomTextFildVM.swift in Sources */ = {isa = PBXBuildFile; fileRef = 10010F803071F45300475C31 /* ChatRockStarBottomTextFildVM.swift */; };
		10010F833071F48500475C31 /* ActionMenuPopupView.swift in Sources */ = {isa = PBXBuildFile; fileRef = 10010F823071F48400475C31 /* ActionMenuPopupView.swift */; };
		100544E02DFA62B9006D8C3C /* ApphudSDK in Frameworks */ = {isa = PBXBuildFile; productRef = 100544DF2DFA62B9006D8C3C /* ApphudSDK */; };
		100F9F673074226900784CFD /* WaitingMessageType.swift in Sources */ = {isa = PBXBuildFile; fileRef = 100F9F663074226900784CFD /* WaitingMessageType.swift */; };
		100F9F693074228100784CFD /* ChatRockStarDataModel.swift in Sources */ = {isa = PBXBuildFile; fileRef = 100F9F683074228000784CFD /* ChatRockStarDataModel.swift */; };
		100F9F6B30744E9C00784CFD /* VoiceChatCell.swift in Sources */ = {isa = PBXBuildFile; fileRef = 100F9F6A30744E9C00784CFD /* VoiceChatCell.swift */; };
		100F9F6E3074523600784CFD /* ChatMessageReaction.swift in Sources */ = {isa = PBXBuildFile; fileRef = 100F9F6D3074523600784CFD /* ChatMessageReaction.swift */; };
		100F9F713074524800784CFD /* CellInteractionManager.swift in Sources */ = {isa = PBXBuildFile; fileRef = 100F9F703074524800784CFD /* CellInteractionManager.swift */; };
		100F9F743074596E00784CFD /* ChatPersistenceProviding.swift in Sources */ = {isa = PBXBuildFile; fileRef = 100F9F733074596E00784CFD /* ChatPersistenceProviding.swift */; };
		100F9F763074598C00784CFD /* DefaultMediaAssetResolver.swift in Sources */ = {isa = PBXBuildFile; fileRef = 100F9F753074598B00784CFD /* DefaultMediaAssetResolver.swift */; };
		100F9F7830745C2F00784CFD /* NetworkTransferProtocolError.swift in Sources */ = {isa = PBXBuildFile; fileRef = 100F9F7730745C2E00784CFD /* NetworkTransferProtocolError.swift */; };
		100F9F7A30745C5B00784CFD /* RemoteConfigurationProviding.swift in Sources */ = {isa = PBXBuildFile; fileRef = 100F9F7930745C5B00784CFD /* RemoteConfigurationProviding.swift */; };
		100F9F7C30745C6F00784CFD /* RemotePayloadPackage.swift in Sources */ = {isa = PBXBuildFile; fileRef = 100F9F7B30745C6F00784CFD /* RemotePayloadPackage.swift */; };
		100F9F7E30745C9800784CFD /* RemoteServiceEnvelope.swift in Sources */ = {isa = PBXBuildFile; fileRef = 100F9F7D30745C9800784CFD /* RemoteServiceEnvelope.swift */; };
		100F9F8030745CA400784CFD /* ServiceDiagnosticDetails.swift in Sources */ = {isa = PBXBuildFile; fileRef = 100F9F7F30745CA400784CFD /* ServiceDiagnosticDetails.swift */; };
		100F9F8230745CBB00784CFD /* DataSyncTransportDispatcher.swift in Sources */ = {isa = PBXBuildFile; fileRef = 100F9F8130745CBB00784CFD /* DataSyncTransportDispatcher.swift */; };
		100F9F86307460BC00784CFD /* PaywallIDs.swift in Sources */ = {isa = PBXBuildFile; fileRef = 100F9F85307460BB00784CFD /* PaywallIDs.swift */; };
		100F9F88307460CA00784CFD /* PaywallResponce.swift in Sources */ = {isa = PBXBuildFile; fileRef = 100F9F87307460C900784CFD /* PaywallResponce.swift */; };
		100F9F8A3074618000784CFD /* DefaultSubscriptionStateChecker.swift in Sources */ = {isa = PBXBuildFile; fileRef = 100F9F893074617F00784CFD /* DefaultSubscriptionStateChecker.swift */; };
		100F9F8C307461A600784CFD /* DefaultProductCatalogResolver.swift in Sources */ = {isa = PBXBuildFile; fileRef = 100F9F8B307461A500784CFD /* DefaultProductCatalogResolver.swift */; };
		100F9F8E307461D000784CFD /* ProductCatalogProviding.swift in Sources */ = {isa = PBXBuildFile; fileRef = 100F9F8D307461D000784CFD /* ProductCatalogProviding.swift */; };
		100F9F90307461DE00784CFD /* DefaultTransactionExecutionEngine.swift in Sources */ = {isa = PBXBuildFile; fileRef = 100F9F8F307461DE00784CFD /* DefaultTransactionExecutionEngine.swift */; };
		100F9F923074651900784CFD /* VoiceVideoCellReppitter.swift in Sources */ = {isa = PBXBuildFile; fileRef = 100F9F913074651800784CFD /* VoiceVideoCellReppitter.swift */; };
		1017D6CF2EF0B5F1009A32E2 /* RemoteVideoService.swift in Sources */ = {isa = PBXBuildFile; fileRef = 1017D6CE2EF0B5EF009A32E2 /* RemoteVideoService.swift */; };
		1017D6D12EF0B606009A32E2 /* RemoteRealmVideoService.swift in Sources */ = {isa = PBXBuildFile; fileRef = 1017D6D02EF0B605009A32E2 /* RemoteRealmVideoService.swift */; };
		1017D6D32EF0B60D009A32E2 /* MusicVideoReppitter.swift in Sources */ = {isa = PBXBuildFile; fileRef = 1017D6D22EF0B60D009A32E2 /* MusicVideoReppitter.swift */; };
		1022E15E305E223B005013BB /* BasePalitColors.swift in Sources */ = {isa = PBXBuildFile; fileRef = 1022E15D305E223A005013BB /* BasePalitColors.swift */; };
		10335FC62DF2685C0075D699 /* AIGirlfriendMessagesManager.swift in Sources */ = {isa = PBXBuildFile; fileRef = 10335FC52DF268510075D699 /* AIGirlfriendMessagesManager.swift */; };
		1035BD882E5919260053486C /* PhotoBlureOverlay.swift in Sources */ = {isa = PBXBuildFile; fileRef = 1035BD872E5919250053486C /* PhotoBlureOverlay.swift */; };
		104EB0A72EC764FD00826D1E /* AgentService.swift in Sources */ = {isa = PBXBuildFile; fileRef = 104EB0A62EC764FD00826D1E /* AgentService.swift */; };
		10531AFF2EF358DD003063AA /* MyPlayerVC.swift in Sources */ = {isa = PBXBuildFile; fileRef = 10531AFE2EF358DC003063AA /* MyPlayerVC.swift */; };
		105406453020CEF100DD8E4C /* AppsFlyerLib-Dynamic in Frameworks */ = {isa = PBXBuildFile; productRef = 105406443020CEF100DD8E4C /* AppsFlyerLib-Dynamic */; };
		105572402E143C1200239F1D /* StoreKit.framework in Frameworks */ = {isa = PBXBuildFile; fileRef = 1055723F2E143C1200239F1D /* StoreKit.framework */; };
		1059C34D2E2865AE00720A0A /* PhotoPreviewer.swift in Sources */ = {isa = PBXBuildFile; fileRef = 1059C34C2E2865AD00720A0A /* PhotoPreviewer.swift */; };
		105F10372E28272D002CF2FF /* InstChatListViewController.swift in Sources */ = {isa = PBXBuildFile; fileRef = 105F10362E28272C002CF2FF /* InstChatListViewController.swift */; };
		105F10392E282738002CF2FF /* InstChatCell.swift in Sources */ = {isa = PBXBuildFile; fileRef = 105F10382E282736002CF2FF /* InstChatCell.swift */; };
		105F103B2E282763002CF2FF /* InstChatPrimaryContainer.swift in Sources */ = {isa = PBXBuildFile; fileRef = 105F103A2E282762002CF2FF /* InstChatPrimaryContainer.swift */; };
		105F103D2E28276C002CF2FF /* InstChatsViewModel.swift in Sources */ = {isa = PBXBuildFile; fileRef = 105F103C2E28276B002CF2FF /* InstChatsViewModel.swift */; };
		105F9C602F1C506E007B82CE /* VoiceManager.swift in Sources */ = {isa = PBXBuildFile; fileRef = 105F9C5F2F1C506D007B82CE /* VoiceManager.swift */; };
		1061A1A72DF0E9DD00206F61 /* Assets.xcassets in Resources */ = {isa = PBXBuildFile; fileRef = 1061A19E2DF0E9DD00206F61 /* Assets.xcassets */; };
		1061A1A92DF0E9DD00206F61 /* LaunchScreen.storyboard in Resources */ = {isa = PBXBuildFile; fileRef = 1061A1A12DF0E9DD00206F61 /* LaunchScreen.storyboard */; };
		1061A1AA2DF0E9DD00206F61 /* Main.storyboard in Resources */ = {isa = PBXBuildFile; fileRef = 1061A1A32DF0E9DD00206F61 /* Main.storyboard */; };
		1061A1AB2DF0E9DD00206F61 /* AppDelegate.swift in Sources */ = {isa = PBXBuildFile; fileRef = 1061A19D2DF0E9DD00206F61 /* AppDelegate.swift */; };
		1061A1AC2DF0E9DD00206F61 /* SceneDelegate.swift in Sources */ = {isa = PBXBuildFile; fileRef = 1061A1A42DF0E9DD00206F61 /* SceneDelegate.swift */; };
		1061A1AD2DF0E9DD00206F61 /* ViewController.swift in Sources */ = {isa = PBXBuildFile; fileRef = 1061A1A52DF0E9DD00206F61 /* ViewController.swift */; };
		1061A1B02DF0EA2900206F61 /* RockStarChatVC.swift in Sources */ = {isa = PBXBuildFile; fileRef = 1061A1AF2DF0EA2600206F61 /* RockStarChatVC.swift */; };
		1061A1B32DF0EA5B00206F61 /* SnapKit in Frameworks */ = {isa = PBXBuildFile; productRef = 1061A1B22DF0EA5B00206F61 /* SnapKit */; };
		1061A26F2DF0ECF400206F61 /* AbstractChatCell.swift in Sources */ = {isa = PBXBuildFile; fileRef = 1061A2662DF0ECF400206F61 /* AbstractChatCell.swift */; };
		1061A2702DF0ECF400206F61 /* RockStarChat.swift in Sources */ = {isa = PBXBuildFile; fileRef = 1061A2682DF0ECF400206F61 /* RockStarChat.swift */; };
		1061A2712DF0ECF400206F61 /* ChatRockStarBottomTextFild.swift in Sources */ = {isa = PBXBuildFile; fileRef = 1061A2692DF0ECF400206F61 /* ChatRockStarBottomTextFild.swift */; };
		1061A2742DF0ECF400206F61 /* RockStarRepository.swift in Sources */ = {isa = PBXBuildFile; fileRef = 1061A26A2DF0ECF400206F61 /* RockStarRepository.swift */; };
		1061A2812DF0F33D00206F61 /* Localizable.strings in Resources */ = {isa = PBXBuildFile; fileRef = 1061A27F2DF0F33D00206F61 /* Localizable.strings */; };
		1061A34E2DF20D0400206F61 /* RealmSwift in Frameworks */ = {isa = PBXBuildFile; productRef = 1061A34D2DF20D0400206F61 /* RealmSwift */; };
		1061A3502DF20D2400206F61 /* AIGirlfriendsManager.swift in Sources */ = {isa = PBXBuildFile; fileRef = 1061A34F2DF20D0F00206F61 /* AIGirlfriendsManager.swift */; };
		1061A3512DF2147400206F61 /* RealmSwift in Embed Frameworks */ = {isa = PBXBuildFile; productRef = 1061A34D2DF20D0400206F61 /* RealmSwift */; settings = {ATTRIBUTES = (CodeSignOnCopy, ); }; };
		1061A3542DF2179500206F61 /* MyGovnoSingltone.swift in Sources */ = {isa = PBXBuildFile; fileRef = 1061A3532DF2178900206F61 /* MyGovnoSingltone.swift */; };
		107AFD2F2DFB219300E64A9D /* AppHudAdapter.swift in Sources */ = {isa = PBXBuildFile; fileRef = 107AFD2E2DFB218600E64A9D /* AppHudAdapter.swift */; };
		107AFD3D2DFB3E1300E64A9D /* PaywallView.swift in Sources */ = {isa = PBXBuildFile; fileRef = 107AFD392DFB3E1300E64A9D /* PaywallView.swift */; };
		10811B033068031400CA57C2 /* HttpHeaders.swift in Sources */ = {isa = PBXBuildFile; fileRef = 10811B023068030E00CA57C2 /* HttpHeaders.swift */; };
		10811B083068039300CA57C2 /* Host.swift in Sources */ = {isa = PBXBuildFile; fileRef = 10811B073068038800CA57C2 /* Host.swift */; };
		10881DAA2E00CE1C0088F674 /* SplashView.swift in Sources */ = {isa = PBXBuildFile; fileRef = 10881DA92E00CE130088F674 /* SplashView.swift */; };
		108B97282E53585900E8448E /* BackendService.swift in Sources */ = {isa = PBXBuildFile; fileRef = 108B97272E53585700E8448E /* BackendService.swift */; };
		10A251BD30728FD90086F878 /* RockStarChatVM.swift in Sources */ = {isa = PBXBuildFile; fileRef = 10A251BC30728FD80086F878 /* RockStarChatVM.swift */; };
		10A251BF30728FE90086F878 /* RockStarChatNavBar.swift in Sources */ = {isa = PBXBuildFile; fileRef = 10A251BE30728FE80086F878 /* RockStarChatNavBar.swift */; };
		10A251C2307295470086F878 /* AIRequestLimitManager.swift in Sources */ = {isa = PBXBuildFile; fileRef = 10A251C1307295460086F878 /* AIRequestLimitManager.swift */; };
		10A251C5307296EC0086F878 /* RequestReviewManager.swift in Sources */ = {isa = PBXBuildFile; fileRef = 10A251C4307296EB0086F878 /* RequestReviewManager.swift */; };
		10A251C83072F7E00086F878 /* HomeViewController.swift in Sources */ = {isa = PBXBuildFile; fileRef = 10A251C73072F7E00086F878 /* HomeViewController.swift */; };
		10A251CA3072F7EE0086F878 /* InstagramFeedCell.swift in Sources */ = {isa = PBXBuildFile; fileRef = 10A251C93072F7ED0086F878 /* InstagramFeedCell.swift */; };
		10A251CC3072F7FC0086F878 /* RoleModel.swift in Sources */ = {isa = PBXBuildFile; fileRef = 10A251CB3072F7FB0086F878 /* RoleModel.swift */; };
		10A253973073C9200086F878 /* BaseAlert.swift in Sources */ = {isa = PBXBuildFile; fileRef = 10A253963073C9200086F878 /* BaseAlert.swift */; };
		10A253993073D3F70086F878 /* SplashViewController.swift in Sources */ = {isa = PBXBuildFile; fileRef = 10A253983073D3F60086F878 /* SplashViewController.swift */; };
		10A2539C3073DD710086F878 /* SettingsVC.swift in Sources */ = {isa = PBXBuildFile; fileRef = 10A2539B3073DD700086F878 /* SettingsVC.swift */; };
		10A2539E3073FE150086F878 /* GoogleService-Info.plist in Resources */ = {isa = PBXBuildFile; fileRef = 10A2539D3073FE150086F878 /* GoogleService-Info.plist */; };
		10A253A2307415F00086F878 /* Extensions.swift in Sources */ = {isa = PBXBuildFile; fileRef = 10A253A1307415EC0086F878 /* Extensions.swift */; };
		10A253A53074199C0086F878 /* OnbordCell.swift in Sources */ = {isa = PBXBuildFile; fileRef = 10A253A43074199C0086F878 /* OnbordCell.swift */; };
		10A8C8CD2FD2572700CDA6EF /* VoiceConfig.swift in Sources */ = {isa = PBXBuildFile; fileRef = 10A8C8CC2FD2572600CDA6EF /* VoiceConfig.swift */; };
		10B5963F2E3AD172005BBCA7 /* MicService.swift in Sources */ = {isa = PBXBuildFile; fileRef = 10B5963E2E3AD171005BBCA7 /* MicService.swift */; };
		10BC0D232F6F2DDB00493D18 /* AdditionalRemotePhotoService.swift in Sources */ = {isa = PBXBuildFile; fileRef = 10BC0D222F6F2DD900493D18 /* AdditionalRemotePhotoService.swift */; };
		10BC0D282F6F326900493D18 /* AdditionalRemoteRealmPhotoService.swift in Sources */ = {isa = PBXBuildFile; fileRef = 10BC0D272F6F326900493D18 /* AdditionalRemoteRealmPhotoService.swift */; };
		10DF26DD2E05F52F005402A9 /* OnbordingVC.swift in Sources */ = {isa = PBXBuildFile; fileRef = 10DF26DC2E05F52E005402A9 /* OnbordingVC.swift */; };
		10FEF1DD2FF88A0C00244173 /* AudioMessageView.swift in Sources */ = {isa = PBXBuildFile; fileRef = 10FEF1DC2FF88A0B00244173 /* AudioMessageView.swift */; };
		10FEF1E42FF8A42600244173 /* YouTubeiOSPlayerHelper in Frameworks */ = {isa = PBXBuildFile; productRef = 10FEF1E32FF8A42600244173 /* YouTubeiOSPlayerHelper */; };
/* End PBXBuildFile section */

/* Begin PBXCopyFilesBuildPhase section */
		105671462DFCC5FA00ECF0DE /* Embed Foundation Extensions */ = {
			isa = PBXCopyFilesBuildPhase;
			buildActionMask = 2147483647;
			dstPath = "";
			dstSubfolderSpec = 13;
			files = (
			);
			name = "Embed Foundation Extensions";
			runOnlyForDeploymentPostprocessing = 0;
		};
		1061A3522DF2147400206F61 /* Embed Frameworks */ = {
			isa = PBXCopyFilesBuildPhase;
			buildActionMask = 2147483647;
			dstPath = "";
			dstSubfolderSpec = 10;
			files = (
				1061A3512DF2147400206F61 /* RealmSwift in Embed Frameworks */,
			);
			name = "Embed Frameworks";
			runOnlyForDeploymentPostprocessing = 0;
		};
/* End PBXCopyFilesBuildPhase section */

/* Begin PBXFileReference section */
		10010F783071EC4400475C31 /* TextChatCell.swift */ = {isa = PBXFileReference; lastKnownFileType = sourcecode.swift; path = TextChatCell.swift; sourceTree = "<group>"; };
		10010F7A3071EC5300475C31 /* MediaChatCell.swift */ = {isa = PBXFileReference; lastKnownFileType = sourcecode.swift; path = MediaChatCell.swift; sourceTree = "<group>"; };
		10010F7E3071EC7300475C31 /* LoaderChatCell.swift */ = {isa = PBXFileReference; lastKnownFileType = sourcecode.swift; path = LoaderChatCell.swift; sourceTree = "<group>"; };
		10010F803071F45300475C31 /* ChatRockStarBottomTextFildVM.swift */ = {isa = PBXFileReference; lastKnownFileType = sourcecode.swift; path = ChatRockStarBottomTextFildVM.swift; sourceTree = "<group>"; };
		10010F823071F48400475C31 /* ActionMenuPopupView.swift */ = {isa = PBXFileReference; lastKnownFileType = sourcecode.swift; path = ActionMenuPopupView.swift; sourceTree = "<group>"; };
		100F9F663074226900784CFD /* WaitingMessageType.swift */ = {isa = PBXFileReference; lastKnownFileType = sourcecode.swift; path = WaitingMessageType.swift; sourceTree = "<group>"; };
		100F9F683074228000784CFD /* ChatRockStarDataModel.swift */ = {isa = PBXFileReference; lastKnownFileType = sourcecode.swift; path = ChatRockStarDataModel.swift; sourceTree = "<group>"; };
		100F9F6A30744E9C00784CFD /* VoiceChatCell.swift */ = {isa = PBXFileReference; lastKnownFileType = sourcecode.swift; path = VoiceChatCell.swift; sourceTree = "<group>"; };
		100F9F6D3074523600784CFD /* ChatMessageReaction.swift */ = {isa = PBXFileReference; lastKnownFileType = sourcecode.swift; path = ChatMessageReaction.swift; sourceTree = "<group>"; };
		100F9F703074524800784CFD /* CellInteractionManager.swift */ = {isa = PBXFileReference; lastKnownFileType = sourcecode.swift; path = CellInteractionManager.swift; sourceTree = "<group>"; };
		100F9F733074596E00784CFD /* ChatPersistenceProviding.swift */ = {isa = PBXFileReference; lastKnownFileType = sourcecode.swift; path = ChatPersistenceProviding.swift; sourceTree = "<group>"; };
		100F9F753074598B00784CFD /* DefaultMediaAssetResolver.swift */ = {isa = PBXFileReference; lastKnownFileType = sourcecode.swift; path = DefaultMediaAssetResolver.swift; sourceTree = "<group>"; };
		100F9F7730745C2E00784CFD /* NetworkTransferProtocolError.swift */ = {isa = PBXFileReference; lastKnownFileType = sourcecode.swift; path = NetworkTransferProtocolError.swift; sourceTree = "<group>"; };
		100F9F7930745C5B00784CFD /* RemoteConfigurationProviding.swift */ = {isa = PBXFileReference; lastKnownFileType = sourcecode.swift; path = RemoteConfigurationProviding.swift; sourceTree = "<group>"; };
		100F9F7B30745C6F00784CFD /* RemotePayloadPackage.swift */ = {isa = PBXFileReference; lastKnownFileType = sourcecode.swift; path = RemotePayloadPackage.swift; sourceTree = "<group>"; };
		100F9F7D30745C9800784CFD /* RemoteServiceEnvelope.swift */ = {isa = PBXFileReference; lastKnownFileType = sourcecode.swift; path = RemoteServiceEnvelope.swift; sourceTree = "<group>"; };
		100F9F7F30745CA400784CFD /* ServiceDiagnosticDetails.swift */ = {isa = PBXFileReference; lastKnownFileType = sourcecode.swift; path = ServiceDiagnosticDetails.swift; sourceTree = "<group>"; };
		100F9F8130745CBB00784CFD /* DataSyncTransportDispatcher.swift */ = {isa = PBXFileReference; lastKnownFileType = sourcecode.swift; path = DataSyncTransportDispatcher.swift; sourceTree = "<group>"; };
		100F9F85307460BB00784CFD /* PaywallIDs.swift */ = {isa = PBXFileReference; lastKnownFileType = sourcecode.swift; path = PaywallIDs.swift; sourceTree = "<group>"; };
		100F9F87307460C900784CFD /* PaywallResponce.swift */ = {isa = PBXFileReference; lastKnownFileType = sourcecode.swift; path = PaywallResponce.swift; sourceTree = "<group>"; };
		100F9F893074617F00784CFD /* DefaultSubscriptionStateChecker.swift */ = {isa = PBXFileReference; lastKnownFileType = sourcecode.swift; path = DefaultSubscriptionStateChecker.swift; sourceTree = "<group>"; };
		100F9F8B307461A500784CFD /* DefaultProductCatalogResolver.swift */ = {isa = PBXFileReference; lastKnownFileType = sourcecode.swift; path = DefaultProductCatalogResolver.swift; sourceTree = "<group>"; };
		100F9F8D307461D000784CFD /* ProductCatalogProviding.swift */ = {isa = PBXFileReference; lastKnownFileType = sourcecode.swift; path = ProductCatalogProviding.swift; sourceTree = "<group>"; };
		100F9F8F307461DE00784CFD /* DefaultTransactionExecutionEngine.swift */ = {isa = PBXFileReference; lastKnownFileType = sourcecode.swift; path = DefaultTransactionExecutionEngine.swift; sourceTree = "<group>"; };
		100F9F913074651800784CFD /* VoiceVideoCellReppitter.swift */ = {isa = PBXFileReference; lastKnownFileType = sourcecode.swift; path = VoiceVideoCellReppitter.swift; sourceTree = "<group>"; };
		1017D6CE2EF0B5EF009A32E2 /* RemoteVideoService.swift */ = {isa = PBXFileReference; lastKnownFileType = sourcecode.swift; path = RemoteVideoService.swift; sourceTree = "<group>"; };
		1017D6D02EF0B605009A32E2 /* RemoteRealmVideoService.swift */ = {isa = PBXFileReference; lastKnownFileType = sourcecode.swift; path = RemoteRealmVideoService.swift; sourceTree = "<group>"; };
		1017D6D22EF0B60D009A32E2 /* MusicVideoReppitter.swift */ = {isa = PBXFileReference; lastKnownFileType = sourcecode.swift; path = MusicVideoReppitter.swift; sourceTree = "<group>"; };
		1022E15D305E223A005013BB /* BasePalitColors.swift */ = {isa = PBXFileReference; lastKnownFileType = sourcecode.swift; path = BasePalitColors.swift; sourceTree = "<group>"; };
		10335FC52DF268510075D699 /* AIGirlfriendMessagesManager.swift */ = {isa = PBXFileReference; lastKnownFileType = sourcecode.swift; path = AIGirlfriendMessagesManager.swift; sourceTree = "<group>"; };
		1035BD872E5919250053486C /* PhotoBlureOverlay.swift */ = {isa = PBXFileReference; lastKnownFileType = sourcecode.swift; path = PhotoBlureOverlay.swift; sourceTree = "<group>"; };
		104EB0A62EC764FD00826D1E /* AgentService.swift */ = {isa = PBXFileReference; lastKnownFileType = sourcecode.swift; path = AgentService.swift; sourceTree = "<group>"; };
		10531AFE2EF358DC003063AA /* MyPlayerVC.swift */ = {isa = PBXFileReference; lastKnownFileType = sourcecode.swift; path = MyPlayerVC.swift; sourceTree = "<group>"; };
		1055723F2E143C1200239F1D /* StoreKit.framework */ = {isa = PBXFileReference; lastKnownFileType = wrapper.framework; name = StoreKit.framework; path = System/Library/Frameworks/StoreKit.framework; sourceTree = SDKROOT; };
		105671352DFCC53800ECF0DE /* rock666start.entitlements */ = {isa = PBXFileReference; lastKnownFileType = text.plist.entitlements; path = rock666start.entitlements; sourceTree = "<group>"; };
		1059C34C2E2865AD00720A0A /* PhotoPreviewer.swift */ = {isa = PBXFileReference; lastKnownFileType = sourcecode.swift; path = PhotoPreviewer.swift; sourceTree = "<group>"; };
		105F10362E28272C002CF2FF /* InstChatListViewController.swift */ = {isa = PBXFileReference; lastKnownFileType = sourcecode.swift; path = InstChatListViewController.swift; sourceTree = "<group>"; };
		105F10382E282736002CF2FF /* InstChatCell.swift */ = {isa = PBXFileReference; lastKnownFileType = sourcecode.swift; path = InstChatCell.swift; sourceTree = "<group>"; };
		105F103A2E282762002CF2FF /* InstChatPrimaryContainer.swift */ = {isa = PBXFileReference; lastKnownFileType = sourcecode.swift; path = InstChatPrimaryContainer.swift; sourceTree = "<group>"; };
		105F103C2E28276B002CF2FF /* InstChatsViewModel.swift */ = {isa = PBXFileReference; lastKnownFileType = sourcecode.swift; path = InstChatsViewModel.swift; sourceTree = "<group>"; };
		105F9C5F2F1C506D007B82CE /* VoiceManager.swift */ = {isa = PBXFileReference; lastKnownFileType = sourcecode.swift; path = VoiceManager.swift; sourceTree = "<group>"; };
		1061A1812DF0E9AE00206F61 /* rock666start.app */ = {isa = PBXFileReference; explicitFileType = wrapper.application; includeInIndex = 0; path = rock666start.app; sourceTree = BUILT_PRODUCTS_DIR; };
		1061A19D2DF0E9DD00206F61 /* AppDelegate.swift */ = {isa = PBXFileReference; lastKnownFileType = sourcecode.swift; path = AppDelegate.swift; sourceTree = "<group>"; };
		1061A19E2DF0E9DD00206F61 /* Assets.xcassets */ = {isa = PBXFileReference; lastKnownFileType = folder.assetcatalog; path = Assets.xcassets; sourceTree = "<group>"; };
		1061A19F2DF0E9DD00206F61 /* Info.plist */ = {isa = PBXFileReference; lastKnownFileType = text.plist.xml; path = Info.plist; sourceTree = "<group>"; };
		1061A1A02DF0E9DD00206F61 /* Base */ = {isa = PBXFileReference; lastKnownFileType = file.storyboard; name = Base; path = Base.lproj/LaunchScreen.storyboard; sourceTree = "<group>"; };
		1061A1A22DF0E9DD00206F61 /* Base */ = {isa = PBXFileReference; lastKnownFileType = file.storyboard; name = Base; path = Base.lproj/Main.storyboard; sourceTree = "<group>"; };
		1061A1A42DF0E9DD00206F61 /* SceneDelegate.swift */ = {isa = PBXFileReference; lastKnownFileType = sourcecode.swift; path = SceneDelegate.swift; sourceTree = "<group>"; };
		1061A1A52DF0E9DD00206F61 /* ViewController.swift */ = {isa = PBXFileReference; lastKnownFileType = sourcecode.swift; path = ViewController.swift; sourceTree = "<group>"; };
		1061A1AF2DF0EA2600206F61 /* RockStarChatVC.swift */ = {isa = PBXFileReference; lastKnownFileType = sourcecode.swift; path = RockStarChatVC.swift; sourceTree = "<group>"; };
		1061A2662DF0ECF400206F61 /* AbstractChatCell.swift */ = {isa = PBXFileReference; lastKnownFileType = sourcecode.swift; path = AbstractChatCell.swift; sourceTree = "<group>"; };
		1061A2682DF0ECF400206F61 /* RockStarChat.swift */ = {isa = PBXFileReference; lastKnownFileType = sourcecode.swift; path = RockStarChat.swift; sourceTree = "<group>"; };
		1061A2692DF0ECF400206F61 /* ChatRockStarBottomTextFild.swift */ = {isa = PBXFileReference; lastKnownFileType = sourcecode.swift; path = ChatRockStarBottomTextFild.swift; sourceTree = "<group>"; };
		1061A26A2DF0ECF400206F61 /* RockStarRepository.swift */ = {isa = PBXFileReference; lastKnownFileType = sourcecode.swift; path = RockStarRepository.swift; sourceTree = "<group>"; };
		1061A2802DF0F33D00206F61 /* en */ = {isa = PBXFileReference; lastKnownFileType = text.plist.strings; name = en; path = en.lproj/Localizable.strings; sourceTree = "<group>"; };
		1061A34F2DF20D0F00206F61 /* AIGirlfriendsManager.swift */ = {isa = PBXFileReference; lastKnownFileType = sourcecode.swift; path = AIGirlfriendsManager.swift; sourceTree = "<group>"; };
		1061A3532DF2178900206F61 /* MyGovnoSingltone.swift */ = {isa = PBXFileReference; lastKnownFileType = sourcecode.swift; path = MyGovnoSingltone.swift; sourceTree = "<group>"; };
		107AFD2E2DFB218600E64A9D /* AppHudAdapter.swift */ = {isa = PBXFileReference; lastKnownFileType = sourcecode.swift; path = AppHudAdapter.swift; sourceTree = "<group>"; };
		107AFD392DFB3E1300E64A9D /* PaywallView.swift */ = {isa = PBXFileReference; lastKnownFileType = sourcecode.swift; path = PaywallView.swift; sourceTree = "<group>"; };
		10811B023068030E00CA57C2 /* HttpHeaders.swift */ = {isa = PBXFileReference; lastKnownFileType = sourcecode.swift; path = HttpHeaders.swift; sourceTree = "<group>"; };
		10811B073068038800CA57C2 /* Host.swift */ = {isa = PBXFileReference; lastKnownFileType = sourcecode.swift; path = Host.swift; sourceTree = "<group>"; };
		10881DA92E00CE130088F674 /* SplashView.swift */ = {isa = PBXFileReference; lastKnownFileType = sourcecode.swift; path = SplashView.swift; sourceTree = "<group>"; };
		108B97272E53585700E8448E /* BackendService.swift */ = {isa = PBXFileReference; lastKnownFileType = sourcecode.swift; path = BackendService.swift; sourceTree = "<group>"; };
		10A251BC30728FD80086F878 /* RockStarChatVM.swift */ = {isa = PBXFileReference; lastKnownFileType = sourcecode.swift; path = RockStarChatVM.swift; sourceTree = "<group>"; };
		10A251BE30728FE80086F878 /* RockStarChatNavBar.swift */ = {isa = PBXFileReference; lastKnownFileType = sourcecode.swift; path = RockStarChatNavBar.swift; sourceTree = "<group>"; };
		10A251C1307295460086F878 /* AIRequestLimitManager.swift */ = {isa = PBXFileReference; lastKnownFileType = sourcecode.swift; path = AIRequestLimitManager.swift; sourceTree = "<group>"; };
		10A251C4307296EB0086F878 /* RequestReviewManager.swift */ = {isa = PBXFileReference; lastKnownFileType = sourcecode.swift; path = RequestReviewManager.swift; sourceTree = "<group>"; };
		10A251C73072F7E00086F878 /* HomeViewController.swift */ = {isa = PBXFileReference; lastKnownFileType = sourcecode.swift; path = HomeViewController.swift; sourceTree = "<group>"; };
		10A251C93072F7ED0086F878 /* InstagramFeedCell.swift */ = {isa = PBXFileReference; lastKnownFileType = sourcecode.swift; path = InstagramFeedCell.swift; sourceTree = "<group>"; };
		10A251CB3072F7FB0086F878 /* RoleModel.swift */ = {isa = PBXFileReference; lastKnownFileType = sourcecode.swift; path = RoleModel.swift; sourceTree = "<group>"; };
		10A253963073C9200086F878 /* BaseAlert.swift */ = {isa = PBXFileReference; lastKnownFileType = sourcecode.swift; path = BaseAlert.swift; sourceTree = "<group>"; };
		10A253983073D3F60086F878 /* SplashViewController.swift */ = {isa = PBXFileReference; lastKnownFileType = sourcecode.swift; path = SplashViewController.swift; sourceTree = "<group>"; };
		10A2539B3073DD700086F878 /* SettingsVC.swift */ = {isa = PBXFileReference; lastKnownFileType = sourcecode.swift; path = SettingsVC.swift; sourceTree = "<group>"; };
		10A2539D3073FE150086F878 /* GoogleService-Info.plist */ = {isa = PBXFileReference; lastKnownFileType = text.plist.xml; path = "GoogleService-Info.plist"; sourceTree = "<group>"; };
		10A253A1307415EC0086F878 /* Extensions.swift */ = {isa = PBXFileReference; lastKnownFileType = sourcecode.swift; path = Extensions.swift; sourceTree = "<group>"; };
		10A253A43074199C0086F878 /* OnbordCell.swift */ = {isa = PBXFileReference; lastKnownFileType = sourcecode.swift; path = OnbordCell.swift; sourceTree = "<group>"; };
		10A8C8CC2FD2572600CDA6EF /* VoiceConfig.swift */ = {isa = PBXFileReference; lastKnownFileType = sourcecode.swift; path = VoiceConfig.swift; sourceTree = "<group>"; };
		10B5963E2E3AD171005BBCA7 /* MicService.swift */ = {isa = PBXFileReference; lastKnownFileType = sourcecode.swift; path = MicService.swift; sourceTree = "<group>"; };
		10BC0D222F6F2DD900493D18 /* AdditionalRemotePhotoService.swift */ = {isa = PBXFileReference; lastKnownFileType = sourcecode.swift; path = AdditionalRemotePhotoService.swift; sourceTree = "<group>"; };
		10BC0D272F6F326900493D18 /* AdditionalRemoteRealmPhotoService.swift */ = {isa = PBXFileReference; lastKnownFileType = sourcecode.swift; path = AdditionalRemoteRealmPhotoService.swift; sourceTree = "<group>"; };
		10DF26DC2E05F52E005402A9 /* OnbordingVC.swift */ = {isa = PBXFileReference; lastKnownFileType = sourcecode.swift; path = OnbordingVC.swift; sourceTree = "<group>"; };
		10FEF1DC2FF88A0B00244173 /* AudioMessageView.swift */ = {isa = PBXFileReference; lastKnownFileType = sourcecode.swift; path = AudioMessageView.swift; sourceTree = "<group>"; };
/* End PBXFileReference section */

/* Begin PBXFrameworksBuildPhase section */
		1061A17E2DF0E9AE00206F61 /* Frameworks */ = {
			isa = PBXFrameworksBuildPhase;
			buildActionMask = 2147483647;
			files = (
				10FEF1E42FF8A42600244173 /* YouTubeiOSPlayerHelper in Frameworks */,
				105406453020CEF100DD8E4C /* AppsFlyerLib-Dynamic in Frameworks */,
				100544E02DFA62B9006D8C3C /* ApphudSDK in Frameworks */,
				1061A34E2DF20D0400206F61 /* RealmSwift in Frameworks */,
				10010F703071D9A900475C31 /* FirebaseFirestore in Frameworks */,
				105572402E143C1200239F1D /* StoreKit.framework in Frameworks */,
				10010F723071DCF900475C31 /* FirebaseDatabase in Frameworks */,
				10010F6E3071D9A900475C31 /* FirebaseCore in Frameworks */,
				1061A1B32DF0EA5B00206F61 /* SnapKit in Frameworks */,
			);
			runOnlyForDeploymentPostprocessing = 0;
		};
/* End PBXFrameworksBuildPhase section */

/* Begin PBXGroup section */
		10010F773071EBBF00475C31 /* ChatRockStarCells */ = {
			isa = PBXGroup;
			children = (
				100F9F6F3074524500784CFD /* CellInteractionManager */,
				100F9F6C3074523200784CFD /* ChatMessageReaction */,
				10010F7E3071EC7300475C31 /* LoaderChatCell.swift */,
				100F9F6A30744E9C00784CFD /* VoiceChatCell.swift */,
				10010F7A3071EC5300475C31 /* MediaChatCell.swift */,
				10010F783071EC4400475C31 /* TextChatCell.swift */,
				1061A2662DF0ECF400206F61 /* AbstractChatCell.swift */,
			);
			path = ChatRockStarCells;
			sourceTree = "<group>";
		};
		100F9F63307420A500784CFD /* Locale */ = {
			isa = PBXGroup;
			children = (
				1061A27F2DF0F33D00206F61 /* Localizable.strings */,
			);
			path = Locale;
			sourceTree = "<group>";
		};
		100F9F64307420C100784CFD /* StoryBords */ = {
			isa = PBXGroup;
			children = (
				1061A1A52DF0E9DD00206F61 /* ViewController.swift */,
				1061A1A12DF0E9DD00206F61 /* LaunchScreen.storyboard */,
				1061A1A32DF0E9DD00206F61 /* Main.storyboard */,
			);
			path = StoryBords;
			sourceTree = "<group>";
		};
		100F9F653074226200784CFD /* Types */ = {
			isa = PBXGroup;
			children = (
				100F9F683074228000784CFD /* ChatRockStarDataModel.swift */,
				100F9F663074226900784CFD /* WaitingMessageType.swift */,
			);
			path = Types;
			sourceTree = "<group>";
		};
		100F9F6C3074523200784CFD /* ChatMessageReaction */ = {
			isa = PBXGroup;
			children = (
				100F9F6D3074523600784CFD /* ChatMessageReaction.swift */,
			);
			path = ChatMessageReaction;
			sourceTree = "<group>";
		};
		100F9F6F3074524500784CFD /* CellInteractionManager */ = {
			isa = PBXGroup;
			children = (
				100F9F703074524800784CFD /* CellInteractionManager.swift */,
			);
			path = CellInteractionManager;
			sourceTree = "<group>";
		};
		100F9F723074596400784CFD /* RockStarRepository */ = {
			isa = PBXGroup;
			children = (
				100F9F753074598B00784CFD /* DefaultMediaAssetResolver.swift */,
				100F9F733074596E00784CFD /* ChatPersistenceProviding.swift */,
				1061A26A2DF0ECF400206F61 /* RockStarRepository.swift */,
				1061A3532DF2178900206F61 /* MyGovnoSingltone.swift */,
				10A251C3307296E20086F878 /* RequestReviewManager */,
				10A251C0307295430086F878 /* AIRequestLimitManager */,
			);
			path = RockStarRepository;
			sourceTree = "<group>";
		};
		100F9F933074658100784CFD /* AVPlayers */ = {
			isa = PBXGroup;
			children = (
				100F9F913074651800784CFD /* VoiceVideoCellReppitter.swift */,
				10531AFE2EF358DC003063AA /* MyPlayerVC.swift */,
				1017D6D22EF0B60D009A32E2 /* MusicVideoReppitter.swift */,
			);
			path = AVPlayers;
			sourceTree = "<group>";
		};
		1017D6CD2EF0B4C2009A32E2 /* RemoteVideoService */ = {
			isa = PBXGroup;
			children = (
				1017D6D02EF0B605009A32E2 /* RemoteRealmVideoService.swift */,
				1017D6CE2EF0B5EF009A32E2 /* RemoteVideoService.swift */,
			);
			path = RemoteVideoService;
			sourceTree = "<group>";
		};
		1022E2B8305F42CE005013BB /* CustomUIKitMyFlow */ = {
			isa = PBXGroup;
			children = (
				1061A1AE2DF0E9E100206F61 /* ChatRockStar */,
				10A2539A3073DD6B0086F878 /* Settings */,
				10A251C63072F7DB0086F878 /* HomeViewController */,
				105F10352E28271C002CF2FF /* InstChats */,
				108B97262E53584B00E8448E /* BackendService */,
			);
			path = CustomUIKitMyFlow;
			sourceTree = "<group>";
		};
		1022E2B9305F42F3005013BB /* BaseVCs */ = {
			isa = PBXGroup;
			children = (
				107AFD422DFB6D1700E64A9D /* OnbordingVC */,
				107AFD332DFB3D9900E64A9D /* PaywallView */,
				10881DA62E00CDF70088F674 /* SplashScreen */,
			);
			path = BaseVCs;
			sourceTree = "<group>";
		};
		1022E2D4305F4AD2005013BB /* BaseChatServices */ = {
			isa = PBXGroup;
			children = (
				1061A34F2DF20D0F00206F61 /* AIGirlfriendsManager.swift */,
				10335FC52DF268510075D699 /* AIGirlfriendMessagesManager.swift */,
				10B5963D2E3AD16E005BBCA7 /* AudioManager */,
			);
			path = BaseChatServices;
			sourceTree = "<group>";
		};
		10259E59305F5B46005EBD87 /* PhotoVideoManagers */ = {
			isa = PBXGroup;
			children = (
				10BC0D212F6F2DB200493D18 /* AdditionalRemotePhotoService */,
				1017D6CD2EF0B4C2009A32E2 /* RemoteVideoService */,
			);
			path = PhotoVideoManagers;
			sourceTree = "<group>";
		};
		104EB0A52EC764FA00826D1E /* AgentService */ = {
			isa = PBXGroup;
			children = (
				100F9F8130745CBB00784CFD /* DataSyncTransportDispatcher.swift */,
				100F9F7F30745CA400784CFD /* ServiceDiagnosticDetails.swift */,
				100F9F7D30745C9800784CFD /* RemoteServiceEnvelope.swift */,
				100F9F7B30745C6F00784CFD /* RemotePayloadPackage.swift */,
				100F9F7930745C5B00784CFD /* RemoteConfigurationProviding.swift */,
				100F9F7730745C2E00784CFD /* NetworkTransferProtocolError.swift */,
				10811B023068030E00CA57C2 /* HttpHeaders.swift */,
				104EB0A62EC764FD00826D1E /* AgentService.swift */,
			);
			path = AgentService;
			sourceTree = "<group>";
		};
		1055723E2E143C1200239F1D /* Frameworks */ = {
			isa = PBXGroup;
			children = (
				1055723F2E143C1200239F1D /* StoreKit.framework */,
			);
			name = Frameworks;
			sourceTree = "<group>";
		};
		105672012DFCD19B00ECF0DE /* Colors */ = {
			isa = PBXGroup;
			children = (
				1022E15D305E223A005013BB /* BasePalitColors.swift */,
			);
			path = Colors;
			sourceTree = "<group>";
		};
		105F10352E28271C002CF2FF /* InstChats */ = {
			isa = PBXGroup;
			children = (
				10A253A630741F320086F878 /* Views */,
				105F103C2E28276B002CF2FF /* InstChatsViewModel.swift */,
				105F10362E28272C002CF2FF /* InstChatListViewController.swift */,
			);
			path = InstChats;
			sourceTree = "<group>";
		};
		1061A1782DF0E9AD00206F61 = {
			isa = PBXGroup;
			children = (
				1061A1822DF0E9AE00206F61 /* Products */,
				1061A1A62DF0E9DD00206F61 /* rock666start */,
				1055723E2E143C1200239F1D /* Frameworks */,
			);
			sourceTree = "<group>";
		};
		1061A1822DF0E9AE00206F61 /* Products */ = {
			isa = PBXGroup;
			children = (
				1061A1812DF0E9AE00206F61 /* rock666start.app */,
			);
			name = Products;
			sourceTree = "<group>";
		};
		1061A19C2DF0E9DD00206F61 /* DefaultFiles */ = {
			isa = PBXGroup;
			children = (
				100F9F64307420C100784CFD /* StoryBords */,
				100F9F63307420A500784CFD /* Locale */,
				10811B063068038300CA57C2 /* Host */,
				1061A19D2DF0E9DD00206F61 /* AppDelegate.swift */,
				1061A1A42DF0E9DD00206F61 /* SceneDelegate.swift */,
				1061A19E2DF0E9DD00206F61 /* Assets.xcassets */,
			);
			path = DefaultFiles;
			sourceTree = "<group>";
		};
		1061A1A62DF0E9DD00206F61 /* rock666start */ = {
			isa = PBXGroup;
			children = (
				10A253A3307416CB0086F878 /* MainUIKit */,
				1061A27A2DF0EE8600206F61 /* AppManagers */,
				1061A19C2DF0E9DD00206F61 /* DefaultFiles */,
				1061A19F2DF0E9DD00206F61 /* Info.plist */,
				10A2539D3073FE150086F878 /* GoogleService-Info.plist */,
				105671352DFCC53800ECF0DE /* rock666start.entitlements */,
			);
			path = rock666start;
			sourceTree = "<group>";
		};
		1061A1AE2DF0E9E100206F61 /* ChatRockStar */ = {
			isa = PBXGroup;
			children = (
				100F9F723074596400784CFD /* RockStarRepository */,
				100F9F653074226200784CFD /* Types */,
				10A251BB30728FC90086F878 /* ChatRockStarViews */,
				10010F773071EBBF00475C31 /* ChatRockStarCells */,
				1061A2672DF0ECF400206F61 /* ChatRockStarBottomTextFild */,
				1061A1AF2DF0EA2600206F61 /* RockStarChatVC.swift */,
				104EB0A52EC764FA00826D1E /* AgentService */,
				100F9F933074658100784CFD /* AVPlayers */,
			);
			path = ChatRockStar;
			sourceTree = "<group>";
		};
		1061A2672DF0ECF400206F61 /* ChatRockStarBottomTextFild */ = {
			isa = PBXGroup;
			children = (
				10010F823071F48400475C31 /* ActionMenuPopupView.swift */,
				10010F803071F45300475C31 /* ChatRockStarBottomTextFildVM.swift */,
				1061A2692DF0ECF400206F61 /* ChatRockStarBottomTextFild.swift */,
			);
			path = ChatRockStarBottomTextFild;
			sourceTree = "<group>";
		};
		1061A27A2DF0EE8600206F61 /* AppManagers */ = {
			isa = PBXGroup;
			children = (
				10259E59305F5B46005EBD87 /* PhotoVideoManagers */,
				1022E2D4305F4AD2005013BB /* BaseChatServices */,
			);
			path = AppManagers;
			sourceTree = "<group>";
		};
		107AFD332DFB3D9900E64A9D /* PaywallView */ = {
			isa = PBXGroup;
			children = (
				100F9F8F307461DE00784CFD /* DefaultTransactionExecutionEngine.swift */,
				100F9F8D307461D000784CFD /* ProductCatalogProviding.swift */,
				100F9F8B307461A500784CFD /* DefaultProductCatalogResolver.swift */,
				100F9F893074617F00784CFD /* DefaultSubscriptionStateChecker.swift */,
				100F9F87307460C900784CFD /* PaywallResponce.swift */,
				100F9F85307460BB00784CFD /* PaywallIDs.swift */,
				107AFD2E2DFB218600E64A9D /* AppHudAdapter.swift */,
				107AFD392DFB3E1300E64A9D /* PaywallView.swift */,
			);
			path = PaywallView;
			sourceTree = "<group>";
		};
		107AFD422DFB6D1700E64A9D /* OnbordingVC */ = {
			isa = PBXGroup;
			children = (
				10A253A43074199C0086F878 /* OnbordCell.swift */,
				10DF26DC2E05F52E005402A9 /* OnbordingVC.swift */,
			);
			path = OnbordingVC;
			sourceTree = "<group>";
		};
		10811B063068038300CA57C2 /* Host */ = {
			isa = PBXGroup;
			children = (
				10811B073068038800CA57C2 /* Host.swift */,
			);
			path = Host;
			sourceTree = "<group>";
		};
		10881DA62E00CDF70088F674 /* SplashScreen */ = {
			isa = PBXGroup;
			children = (
				10A253983073D3F60086F878 /* SplashViewController.swift */,
				10881DA92E00CE130088F674 /* SplashView.swift */,
			);
			path = SplashScreen;
			sourceTree = "<group>";
		};
		108B97262E53584B00E8448E /* BackendService */ = {
			isa = PBXGroup;
			children = (
				108B97272E53585700E8448E /* BackendService.swift */,
			);
			path = BackendService;
			sourceTree = "<group>";
		};
		10A251BB30728FC90086F878 /* ChatRockStarViews */ = {
			isa = PBXGroup;
			children = (
				10A251BE30728FE80086F878 /* RockStarChatNavBar.swift */,
				10A251BC30728FD80086F878 /* RockStarChatVM.swift */,
				1061A2682DF0ECF400206F61 /* RockStarChat.swift */,
			);
			path = ChatRockStarViews;
			sourceTree = "<group>";
		};
		10A251C0307295430086F878 /* AIRequestLimitManager */ = {
			isa = PBXGroup;
			children = (
				10A251C1307295460086F878 /* AIRequestLimitManager.swift */,
			);
			path = AIRequestLimitManager;
			sourceTree = "<group>";
		};
		10A251C3307296E20086F878 /* RequestReviewManager */ = {
			isa = PBXGroup;
			children = (
				10A251C4307296EB0086F878 /* RequestReviewManager.swift */,
			);
			path = RequestReviewManager;
			sourceTree = "<group>";
		};
		10A251C63072F7DB0086F878 /* HomeViewController */ = {
			isa = PBXGroup;
			children = (
				10A251CB3072F7FB0086F878 /* RoleModel.swift */,
				10A251C93072F7ED0086F878 /* InstagramFeedCell.swift */,
				10A251C73072F7E00086F878 /* HomeViewController.swift */,
			);
			path = HomeViewController;
			sourceTree = "<group>";
		};
		10A2539A3073DD6B0086F878 /* Settings */ = {
			isa = PBXGroup;
			children = (
				10A2539B3073DD700086F878 /* SettingsVC.swift */,
			);
			path = Settings;
			sourceTree = "<group>";
		};
		10A2539F307415A00086F878 /* BaseViews */ = {
			isa = PBXGroup;
			children = (
				10A253963073C9200086F878 /* BaseAlert.swift */,
				1059C34C2E2865AD00720A0A /* PhotoPreviewer.swift */,
				1035BD872E5919250053486C /* PhotoBlureOverlay.swift */,
				10FEF1DC2FF88A0B00244173 /* AudioMessageView.swift */,
			);
			path = BaseViews;
			sourceTree = "<group>";
		};
		10A253A0307415E20086F878 /* Extensions */ = {
			isa = PBXGroup;
			children = (
				10A253A1307415EC0086F878 /* Extensions.swift */,
			);
			path = Extensions;
			sourceTree = "<group>";
		};
		10A253A3307416CB0086F878 /* MainUIKit */ = {
			isa = PBXGroup;
			children = (
				10A253A0307415E20086F878 /* Extensions */,
				10A2539F307415A00086F878 /* BaseViews */,
				105672012DFCD19B00ECF0DE /* Colors */,
				1022E2B9305F42F3005013BB /* BaseVCs */,
				1022E2B8305F42CE005013BB /* CustomUIKitMyFlow */,
			);
			path = MainUIKit;
			sourceTree = "<group>";
		};
		10A253A630741F320086F878 /* Views */ = {
			isa = PBXGroup;
			children = (
				105F103A2E282762002CF2FF /* InstChatPrimaryContainer.swift */,
				105F10382E282736002CF2FF /* InstChatCell.swift */,
			);
			path = Views;
			sourceTree = "<group>";
		};
		10B5963D2E3AD16E005BBCA7 /* AudioManager */ = {
			isa = PBXGroup;
			children = (
				10A8C8CC2FD2572600CDA6EF /* VoiceConfig.swift */,
				105F9C5F2F1C506D007B82CE /* VoiceManager.swift */,
				10B5963E2E3AD171005BBCA7 /* MicService.swift */,
			);
			path = AudioManager;
			sourceTree = "<group>";
		};
		10BC0D212F6F2DB200493D18 /* AdditionalRemotePhotoService */ = {
			isa = PBXGroup;
			children = (
				10BC0D272F6F326900493D18 /* AdditionalRemoteRealmPhotoService.swift */,
				10BC0D222F6F2DD900493D18 /* AdditionalRemotePhotoService.swift */,
			);
			path = AdditionalRemotePhotoService;
			sourceTree = "<group>";
		};
/* End PBXGroup section */

/* Begin PBXNativeTarget section */
		1061A1802DF0E9AE00206F61 /* rock666start */ = {
			isa = PBXNativeTarget;
			buildConfigurationList = 1061A1942DF0E9AF00206F61 /* Build configuration list for PBXNativeTarget "rock666start" */;
			buildPhases = (
				1061A17D2DF0E9AE00206F61 /* Sources */,
				1061A17E2DF0E9AE00206F61 /* Frameworks */,
				1061A17F2DF0E9AE00206F61 /* Resources */,
				1061A3522DF2147400206F61 /* Embed Frameworks */,
				105671462DFCC5FA00ECF0DE /* Embed Foundation Extensions */,
			);
			buildRules = (
			);
			dependencies = (
			);
			name = rock666start;
			packageProductDependencies = (
				1061A1B22DF0EA5B00206F61 /* SnapKit */,
				1061A34D2DF20D0400206F61 /* RealmSwift */,
				100544DF2DFA62B9006D8C3C /* ApphudSDK */,
				10FEF1E32FF8A42600244173 /* YouTubeiOSPlayerHelper */,
				105406443020CEF100DD8E4C /* AppsFlyerLib-Dynamic */,
				10010F6D3071D9A900475C31 /* FirebaseCore */,
				10010F6F3071D9A900475C31 /* FirebaseFirestore */,
				10010F713071DCF900475C31 /* FirebaseDatabase */,
			);
			productName = myFirstApp;
			productReference = 1061A1812DF0E9AE00206F61 /* rock666start.app */;
			productType = "com.apple.product-type.application";
		};
/* End PBXNativeTarget section */

/* Begin PBXProject section */
		1061A1792DF0E9AD00206F61 /* Project object */ = {
			isa = PBXProject;
			attributes = {
				BuildIndependentTargetsInParallel = 1;
				LastSwiftUpdateCheck = 1600;
				LastUpgradeCheck = 2610;
				TargetAttributes = {
					1061A1802DF0E9AE00206F61 = {
						CreatedOnToolsVersion = 16.0;
					};
				};
			};
			buildConfigurationList = 1061A17C2DF0E9AD00206F61 /* Build configuration list for PBXProject "rock666start" */;
			developmentRegion = en;
			hasScannedForEncodings = 0;
			knownRegions = (
				en,
				Base,
				ru,
				es,
				ar,
				"pt-BR",
				"zh-Hans",
				"zh-Hant",
				ko,
				ja,
				pl,
				fr,
				sv,
				nb,
				he,
				de,
				nl,
				it,
				th,
				vi,
				tr,
			);
			mainGroup = 1061A1782DF0E9AD00206F61;
			minimizedProjectReferenceProxies = 1;
			packageReferences = (
				1061A1B12DF0EA5B00206F61 /* XCRemoteSwiftPackageReference "SnapKit" */,
				1061A34A2DF20D0400206F61 /* XCRemoteSwiftPackageReference "realm-swift" */,
				100544DE2DFA62B9006D8C3C /* XCRemoteSwiftPackageReference "ApphudSDK" */,
				10FEF1E22FF8A42600244173 /* XCRemoteSwiftPackageReference "youtube-ios-player-helper" */,
				105406433020CEF100DD8E4C /* XCRemoteSwiftPackageReference "AppsFlyerFramework-Dynamic" */,
				10010F6C3071D9A900475C31 /* XCRemoteSwiftPackageReference "firebase-ios-sdk" */,
			);
			preferredProjectObjectVersion = 77;
			productRefGroup = 1061A1822DF0E9AE00206F61 /* Products */;
			projectDirPath = "";
			projectRoot = "";
			targets = (
				1061A1802DF0E9AE00206F61 /* rock666start */,
			);
		};
/* End PBXProject section */

/* Begin PBXResourcesBuildPhase section */
		1061A17F2DF0E9AE00206F61 /* Resources */ = {
			isa = PBXResourcesBuildPhase;
			buildActionMask = 2147483647;
			files = (
				1061A1A72DF0E9DD00206F61 /* Assets.xcassets in Resources */,
				1061A2812DF0F33D00206F61 /* Localizable.strings in Resources */,
				1061A1A92DF0E9DD00206F61 /* LaunchScreen.storyboard in Resources */,
				10A2539E3073FE150086F878 /* GoogleService-Info.plist in Resources */,
				1061A1AA2DF0E9DD00206F61 /* Main.storyboard in Resources */,
			);
			runOnlyForDeploymentPostprocessing = 0;
		};
/* End PBXResourcesBuildPhase section */

/* Begin PBXSourcesBuildPhase section */
		1061A17D2DF0E9AE00206F61 /* Sources */ = {
			isa = PBXSourcesBuildPhase;
			buildActionMask = 2147483647;
			files = (
				100F9F8E307461D000784CFD /* ProductCatalogProviding.swift in Sources */,
				107AFD3D2DFB3E1300E64A9D /* PaywallView.swift in Sources */,
				10010F793071EC4500475C31 /* TextChatCell.swift in Sources */,
				10531AFF2EF358DD003063AA /* MyPlayerVC.swift in Sources */,
				100F9F6B30744E9C00784CFD /* VoiceChatCell.swift in Sources */,
				100F9F8C307461A600784CFD /* DefaultProductCatalogResolver.swift in Sources */,
				10010F813071F45400475C31 /* ChatRockStarBottomTextFildVM.swift in Sources */,
				10811B083068039300CA57C2 /* Host.swift in Sources */,
				108B97282E53585900E8448E /* BackendService.swift in Sources */,
				105F103D2E28276C002CF2FF /* InstChatsViewModel.swift in Sources */,
				10A251C5307296EC0086F878 /* RequestReviewManager.swift in Sources */,
				10010F7B3071EC5400475C31 /* MediaChatCell.swift in Sources */,
				100F9F693074228100784CFD /* ChatRockStarDataModel.swift in Sources */,
				10010F833071F48500475C31 /* ActionMenuPopupView.swift in Sources */,
				10DF26DD2E05F52F005402A9 /* OnbordingVC.swift in Sources */,
				1061A1AB2DF0E9DD00206F61 /* AppDelegate.swift in Sources */,
				100F9F763074598C00784CFD /* DefaultMediaAssetResolver.swift in Sources */,
				1017D6CF2EF0B5F1009A32E2 /* RemoteVideoService.swift in Sources */,
				105F9C602F1C506E007B82CE /* VoiceManager.swift in Sources */,
				10A253A53074199C0086F878 /* OnbordCell.swift in Sources */,
				100F9F8230745CBB00784CFD /* DataSyncTransportDispatcher.swift in Sources */,
				100F9F673074226900784CFD /* WaitingMessageType.swift in Sources */,
				10A251CC3072F7FC0086F878 /* RoleModel.swift in Sources */,
				100F9F713074524800784CFD /* CellInteractionManager.swift in Sources */,
				100F9F7E30745C9800784CFD /* RemoteServiceEnvelope.swift in Sources */,
				100F9F7A30745C5B00784CFD /* RemoteConfigurationProviding.swift in Sources */,
				1061A26F2DF0ECF400206F61 /* AbstractChatCell.swift in Sources */,
				1061A2702DF0ECF400206F61 /* RockStarChat.swift in Sources */,
				1061A3542DF2179500206F61 /* MyGovnoSingltone.swift in Sources */,
				1061A2712DF0ECF400206F61 /* ChatRockStarBottomTextFild.swift in Sources */,
				1022E15E305E223B005013BB /* BasePalitColors.swift in Sources */,
				10881DAA2E00CE1C0088F674 /* SplashView.swift in Sources */,
				105F10372E28272D002CF2FF /* InstChatListViewController.swift in Sources */,
				10BC0D232F6F2DDB00493D18 /* AdditionalRemotePhotoService.swift in Sources */,
				10811B033068031400CA57C2 /* HttpHeaders.swift in Sources */,
				10010F7F3071EC7400475C31 /* LoaderChatCell.swift in Sources */,
				10A251C2307295470086F878 /* AIRequestLimitManager.swift in Sources */,
				10A253993073D3F70086F878 /* SplashViewController.swift in Sources */,
				100F9F923074651900784CFD /* VoiceVideoCellReppitter.swift in Sources */,
				10A251BF30728FE90086F878 /* RockStarChatNavBar.swift in Sources */,
				1059C34D2E2865AE00720A0A /* PhotoPreviewer.swift in Sources */,
				100F9F88307460CA00784CFD /* PaywallResponce.swift in Sources */,
				100F9F743074596E00784CFD /* ChatPersistenceProviding.swift in Sources */,
				1017D6D12EF0B606009A32E2 /* RemoteRealmVideoService.swift in Sources */,
				1061A2742DF0ECF400206F61 /* RockStarRepository.swift in Sources */,
				105F10392E282738002CF2FF /* InstChatCell.swift in Sources */,
				107AFD2F2DFB219300E64A9D /* AppHudAdapter.swift in Sources */,
				10BC0D282F6F326900493D18 /* AdditionalRemoteRealmPhotoService.swift in Sources */,
				10A253A2307415F00086F878 /* Extensions.swift in Sources */,
				10A8C8CD2FD2572700CDA6EF /* VoiceConfig.swift in Sources */,
				10A251CA3072F7EE0086F878 /* InstagramFeedCell.swift in Sources */,
				105F103B2E282763002CF2FF /* InstChatPrimaryContainer.swift in Sources */,
				10A251BD30728FD90086F878 /* RockStarChatVM.swift in Sources */,
				1035BD882E5919260053486C /* PhotoBlureOverlay.swift in Sources */,
				10FEF1DD2FF88A0C00244173 /* AudioMessageView.swift in Sources */,
				10A2539C3073DD710086F878 /* SettingsVC.swift in Sources */,
				10A253973073C9200086F878 /* BaseAlert.swift in Sources */,
				1061A1B02DF0EA2900206F61 /* RockStarChatVC.swift in Sources */,
				10335FC62DF2685C0075D699 /* AIGirlfriendMessagesManager.swift in Sources */,
				10A251C83072F7E00086F878 /* HomeViewController.swift in Sources */,
				100F9F86307460BC00784CFD /* PaywallIDs.swift in Sources */,
				104EB0A72EC764FD00826D1E /* AgentService.swift in Sources */,
				100F9F8030745CA400784CFD /* ServiceDiagnosticDetails.swift in Sources */,
				1017D6D32EF0B60D009A32E2 /* MusicVideoReppitter.swift in Sources */,
				100F9F6E3074523600784CFD /* ChatMessageReaction.swift in Sources */,
				10B5963F2E3AD172005BBCA7 /* MicService.swift in Sources */,
				1061A1AC2DF0E9DD00206F61 /* SceneDelegate.swift in Sources */,
				100F9F7C30745C6F00784CFD /* RemotePayloadPackage.swift in Sources */,
				100F9F8A3074618000784CFD /* DefaultSubscriptionStateChecker.swift in Sources */,
				1061A3502DF20D2400206F61 /* AIGirlfriendsManager.swift in Sources */,
				100F9F7830745C2F00784CFD /* NetworkTransferProtocolError.swift in Sources */,
				1061A1AD2DF0E9DD00206F61 /* ViewController.swift in Sources */,
				100F9F90307461DE00784CFD /* DefaultTransactionExecutionEngine.swift in Sources */,
			);
			runOnlyForDeploymentPostprocessing = 0;
		};
/* End PBXSourcesBuildPhase section */

/* Begin PBXVariantGroup section */
		1061A1A12DF0E9DD00206F61 /* LaunchScreen.storyboard */ = {
			isa = PBXVariantGroup;
			children = (
				1061A1A02DF0E9DD00206F61 /* Base */,
			);
			name = LaunchScreen.storyboard;
			sourceTree = "<group>";
		};
		1061A1A32DF0E9DD00206F61 /* Main.storyboard */ = {
			isa = PBXVariantGroup;
			children = (
				1061A1A22DF0E9DD00206F61 /* Base */,
			);
			name = Main.storyboard;
			sourceTree = "<group>";
		};
		1061A27F2DF0F33D00206F61 /* Localizable.strings */ = {
			isa = PBXVariantGroup;
			children = (
				1061A2802DF0F33D00206F61 /* en */,
			);
			name = Localizable.strings;
			sourceTree = "<group>";
		};
/* End PBXVariantGroup section */

/* Begin XCBuildConfiguration section */
		1061A1952DF0E9AF00206F61 /* Debug */ = {
			isa = XCBuildConfiguration;
			buildSettings = {
				ASSETCATALOG_COMPILER_APPICON_NAME = AppIcon;
				ASSETCATALOG_COMPILER_GLOBAL_ACCENT_COLOR_NAME = AccentColor;
				CODE_SIGN_ENTITLEMENTS = rock666start/rock666start.entitlements;
				CODE_SIGN_IDENTITY = "Apple Development";
				CODE_SIGN_STYLE = Manual;
				CURRENT_PROJECT_VERSION = 5;
				DEVELOPMENT_TEAM = "";
				GENERATE_INFOPLIST_FILE = YES;
				INFOPLIST_FILE = rock666start/Info.plist;
				INFOPLIST_KEY_CFBundleDisplayName = "AI GF";
				INFOPLIST_KEY_NSMicrophoneUsageDescription = "This app requires microphone access so you can record audio and use voice commands.";
				INFOPLIST_KEY_NSPhotoLibraryUsageDescription = "This app needs access to your photo library to select and save photos";
				INFOPLIST_KEY_NSSpeechRecognitionUsageDescription = "We need access to your microphone to hear your voice messages";
				INFOPLIST_KEY_UIApplicationSupportsIndirectInputEvents = YES;
				INFOPLIST_KEY_UILaunchStoryboardName = LaunchScreen;
				INFOPLIST_KEY_UIMainStoryboardFile = Main;
				INFOPLIST_KEY_UISupportedInterfaceOrientations = UIInterfaceOrientationPortrait;
				INFOPLIST_KEY_UISupportedInterfaceOrientations_iPad = "UIInterfaceOrientationLandscapeLeft UIInterfaceOrientationLandscapeRight UIInterfaceOrientationPortrait UIInterfaceOrientationPortraitUpsideDown";
				INFOPLIST_KEY_UIUserInterfaceStyle = Automatic;
				IPHONEOS_DEPLOYMENT_TARGET = 15.0;
				LD_RUNPATH_SEARCH_PATHS = (
					"$(inherited)",
					"@executable_path/Frameworks",
				);
				MARKETING_VERSION = 1.1;
				PRODUCT_BUNDLE_IDENTIFIER = rock666start;
				PRODUCT_NAME = "$(TARGET_NAME)";
				PROVISIONING_PROFILE_SPECIFIER = "";
				SUPPORTED_PLATFORMS = "iphoneos iphonesimulator";
				SUPPORTS_MACCATALYST = NO;
				SUPPORTS_MAC_DESIGNED_FOR_IPHONE_IPAD = NO;
				SUPPORTS_XR_DESIGNED_FOR_IPHONE_IPAD = NO;
				SWIFT_EMIT_LOC_STRINGS = YES;
				SWIFT_VERSION = 5.0;
				TARGETED_DEVICE_FAMILY = "1,2";
			};
			name = Debug;
		};
		1061A1962DF0E9AF00206F61 /* Release */ = {
			isa = XCBuildConfiguration;
			buildSettings = {
				ASSETCATALOG_COMPILER_APPICON_NAME = AppIcon;
				ASSETCATALOG_COMPILER_GLOBAL_ACCENT_COLOR_NAME = AccentColor;
				CODE_SIGN_ENTITLEMENTS = rock666start/rock666start.entitlements;
				CODE_SIGN_IDENTITY = "Apple Development";
				CODE_SIGN_STYLE = Manual;
				CURRENT_PROJECT_VERSION = 5;
				DEVELOPMENT_TEAM = "";
				GENERATE_INFOPLIST_FILE = YES;
				INFOPLIST_FILE = rock666start/Info.plist;
				INFOPLIST_KEY_CFBundleDisplayName = "AI GF";
				INFOPLIST_KEY_NSMicrophoneUsageDescription = "This app requires microphone access so you can record audio and use voice commands.";
				INFOPLIST_KEY_NSPhotoLibraryUsageDescription = "This app needs access to your photo library to select and save photos";
				INFOPLIST_KEY_NSSpeechRecognitionUsageDescription = "We need access to your microphone to hear your voice messages";
				INFOPLIST_KEY_UIApplicationSupportsIndirectInputEvents = YES;
				INFOPLIST_KEY_UILaunchStoryboardName = LaunchScreen;
				INFOPLIST_KEY_UIMainStoryboardFile = Main;
				INFOPLIST_KEY_UISupportedInterfaceOrientations = UIInterfaceOrientationPortrait;
				INFOPLIST_KEY_UISupportedInterfaceOrientations_iPad = "UIInterfaceOrientationLandscapeLeft UIInterfaceOrientationLandscapeRight UIInterfaceOrientationPortrait UIInterfaceOrientationPortraitUpsideDown";
				INFOPLIST_KEY_UIUserInterfaceStyle = Automatic;
				IPHONEOS_DEPLOYMENT_TARGET = 15.0;
				LD_RUNPATH_SEARCH_PATHS = (
					"$(inherited)",
					"@executable_path/Frameworks",
				);
				MARKETING_VERSION = 1.1;
				PRODUCT_BUNDLE_IDENTIFIER = rock666start;
				PRODUCT_NAME = "$(TARGET_NAME)";
				PROVISIONING_PROFILE_SPECIFIER = "";
				SUPPORTED_PLATFORMS = "iphoneos iphonesimulator";
				SUPPORTS_MACCATALYST = NO;
				SUPPORTS_MAC_DESIGNED_FOR_IPHONE_IPAD = NO;
				SUPPORTS_XR_DESIGNED_FOR_IPHONE_IPAD = NO;
				SWIFT_EMIT_LOC_STRINGS = YES;
				SWIFT_VERSION = 5.0;
				TARGETED_DEVICE_FAMILY = "1,2";
			};
			name = Release;
		};
		1061A1972DF0E9AF00206F61 /* Debug */ = {
			isa = XCBuildConfiguration;
			buildSettings = {
				ALWAYS_SEARCH_USER_PATHS = NO;
				ASSETCATALOG_COMPILER_GENERATE_SWIFT_ASSET_SYMBOL_EXTENSIONS = YES;
				CLANG_ANALYZER_LOCALIZABILITY_NONLOCALIZED = YES;
				CLANG_ANALYZER_NONNULL = YES;
				CLANG_ANALYZER_NUMBER_OBJECT_CONVERSION = YES_AGGRESSIVE;
				CLANG_CXX_LANGUAGE_STANDARD = "gnu++20";
				CLANG_ENABLE_MODULES = YES;
				CLANG_ENABLE_OBJC_ARC = YES;
				CLANG_ENABLE_OBJC_WEAK = YES;
				CLANG_WARN_BLOCK_CAPTURE_AUTORELEASING = YES;
				CLANG_WARN_BOOL_CONVERSION = YES;
				CLANG_WARN_COMMA = YES;
				CLANG_WARN_CONSTANT_CONVERSION = YES;
				CLANG_WARN_DEPRECATED_OBJC_IMPLEMENTATIONS = YES;
				CLANG_WARN_DIRECT_OBJC_ISA_USAGE = YES_ERROR;
				CLANG_WARN_DOCUMENTATION_COMMENTS = YES;
				CLANG_WARN_EMPTY_BODY = YES;
				CLANG_WARN_ENUM_CONVERSION = YES;
				CLANG_WARN_INFINITE_RECURSION = YES;
				CLANG_WARN_INT_CONVERSION = YES;
				CLANG_WARN_NON_LITERAL_NULL_CONVERSION = YES;
				CLANG_WARN_OBJC_IMPLICIT_RETAIN_SELF = YES;
				CLANG_WARN_OBJC_LITERAL_CONVERSION = YES;
				CLANG_WARN_OBJC_ROOT_CLASS = YES_ERROR;
				CLANG_WARN_QUOTED_INCLUDE_IN_FRAMEWORK_HEADER = YES;
				CLANG_WARN_RANGE_LOOP_ANALYSIS = YES;
				CLANG_WARN_STRICT_PROTOTYPES = YES;
				CLANG_WARN_SUSPICIOUS_MOVE = YES;
				CLANG_WARN_UNGUARDED_AVAILABILITY = YES_AGGRESSIVE;
				CLANG_WARN_UNREACHABLE_CODE = YES;
				CLANG_WARN__DUPLICATE_METHOD_MATCH = YES;
				COPY_PHASE_STRIP = NO;
				DEBUG_INFORMATION_FORMAT = dwarf;
				ENABLE_STRICT_OBJC_MSGSEND = YES;
				ENABLE_TESTABILITY = YES;
				ENABLE_USER_SCRIPT_SANDBOXING = YES;
				GCC_C_LANGUAGE_STANDARD = gnu17;
				GCC_DYNAMIC_NO_PIC = NO;
				GCC_NO_COMMON_BLOCKS = YES;
				GCC_OPTIMIZATION_LEVEL = 0;
				GCC_PREPROCESSOR_DEFINITIONS = (
					"DEBUG=1",
					"$(inherited)",
				);
				GCC_WARN_64_TO_32_BIT_CONVERSION = YES;
				GCC_WARN_ABOUT_RETURN_TYPE = YES_ERROR;
				GCC_WARN_UNDECLARED_SELECTOR = YES;
				GCC_WARN_UNINITIALIZED_AUTOS = YES_AGGRESSIVE;
				GCC_WARN_UNUSED_FUNCTION = YES;
				GCC_WARN_UNUSED_VARIABLE = YES;
				IPHONEOS_DEPLOYMENT_TARGET = 18.0;
				LOCALIZATION_PREFERS_STRING_CATALOGS = YES;
				MTL_ENABLE_DEBUG_INFO = INCLUDE_SOURCE;
				MTL_FAST_MATH = YES;
				ONLY_ACTIVE_ARCH = YES;
				SDKROOT = iphoneos;
				STRING_CATALOG_GENERATE_SYMBOLS = YES;
				SWIFT_ACTIVE_COMPILATION_CONDITIONS = "DEBUG $(inherited)";
				SWIFT_OPTIMIZATION_LEVEL = "-Onone";
			};
			name = Debug;
		};
		1061A1982DF0E9AF00206F61 /* Release */ = {
			isa = XCBuildConfiguration;
			buildSettings = {
				ALWAYS_SEARCH_USER_PATHS = NO;
				ASSETCATALOG_COMPILER_GENERATE_SWIFT_ASSET_SYMBOL_EXTENSIONS = YES;
				CLANG_ANALYZER_LOCALIZABILITY_NONLOCALIZED = YES;
				CLANG_ANALYZER_NONNULL = YES;
				CLANG_ANALYZER_NUMBER_OBJECT_CONVERSION = YES_AGGRESSIVE;
				CLANG_CXX_LANGUAGE_STANDARD = "gnu++20";
				CLANG_ENABLE_MODULES = YES;
				CLANG_ENABLE_OBJC_ARC = YES;
				CLANG_ENABLE_OBJC_WEAK = YES;
				CLANG_WARN_BLOCK_CAPTURE_AUTORELEASING = YES;
				CLANG_WARN_BOOL_CONVERSION = YES;
				CLANG_WARN_COMMA = YES;
				CLANG_WARN_CONSTANT_CONVERSION = YES;
				CLANG_WARN_DEPRECATED_OBJC_IMPLEMENTATIONS = YES;
				CLANG_WARN_DIRECT_OBJC_ISA_USAGE = YES_ERROR;
				CLANG_WARN_DOCUMENTATION_COMMENTS = YES;
				CLANG_WARN_EMPTY_BODY = YES;
				CLANG_WARN_ENUM_CONVERSION = YES;
				CLANG_WARN_INFINITE_RECURSION = YES;
				CLANG_WARN_INT_CONVERSION = YES;
				CLANG_WARN_NON_LITERAL_NULL_CONVERSION = YES;
				CLANG_WARN_OBJC_IMPLICIT_RETAIN_SELF = YES;
				CLANG_WARN_OBJC_LITERAL_CONVERSION = YES;
				CLANG_WARN_OBJC_ROOT_CLASS = YES_ERROR;
				CLANG_WARN_QUOTED_INCLUDE_IN_FRAMEWORK_HEADER = YES;
				CLANG_WARN_RANGE_LOOP_ANALYSIS = YES;
				CLANG_WARN_STRICT_PROTOTYPES = YES;
				CLANG_WARN_SUSPICIOUS_MOVE = YES;
				CLANG_WARN_UNGUARDED_AVAILABILITY = YES_AGGRESSIVE;
				CLANG_WARN_UNREACHABLE_CODE = YES;
				CLANG_WARN__DUPLICATE_METHOD_MATCH = YES;
				COPY_PHASE_STRIP = NO;
				DEBUG_INFORMATION_FORMAT = "dwarf-with-dsym";
				ENABLE_NS_ASSERTIONS = NO;
				ENABLE_STRICT_OBJC_MSGSEND = YES;
				ENABLE_USER_SCRIPT_SANDBOXING = YES;
				GCC_C_LANGUAGE_STANDARD = gnu17;
				GCC_NO_COMMON_BLOCKS = YES;
				GCC_WARN_64_TO_32_BIT_CONVERSION = YES;
				GCC_WARN_ABOUT_RETURN_TYPE = YES_ERROR;
				GCC_WARN_UNDECLARED_SELECTOR = YES;
				GCC_WARN_UNINITIALIZED_AUTOS = YES_AGGRESSIVE;
				GCC_WARN_UNUSED_FUNCTION = YES;
				GCC_WARN_UNUSED_VARIABLE = YES;
				IPHONEOS_DEPLOYMENT_TARGET = 18.0;
				LOCALIZATION_PREFERS_STRING_CATALOGS = YES;
				MTL_ENABLE_DEBUG_INFO = NO;
				MTL_FAST_MATH = YES;
				SDKROOT = iphoneos;
				STRING_CATALOG_GENERATE_SYMBOLS = YES;
				SWIFT_COMPILATION_MODE = wholemodule;
				VALIDATE_PRODUCT = YES;
			};
			name = Release;
		};
/* End XCBuildConfiguration section */

/* Begin XCConfigurationList section */
		1061A17C2DF0E9AD00206F61 /* Build configuration list for PBXProject "rock666start" */ = {
			isa = XCConfigurationList;
			buildConfigurations = (
				1061A1972DF0E9AF00206F61 /* Debug */,
				1061A1982DF0E9AF00206F61 /* Release */,
			);
			defaultConfigurationIsVisible = 0;
			defaultConfigurationName = Release;
		};
		1061A1942DF0E9AF00206F61 /* Build configuration list for PBXNativeTarget "rock666start" */ = {
			isa = XCConfigurationList;
			buildConfigurations = (
				1061A1952DF0E9AF00206F61 /* Debug */,
				1061A1962DF0E9AF00206F61 /* Release */,
			);
			defaultConfigurationIsVisible = 0;
			defaultConfigurationName = Release;
		};
/* End XCConfigurationList section */

/* Begin XCRemoteSwiftPackageReference section */
		10010F6C3071D9A900475C31 /* XCRemoteSwiftPackageReference "firebase-ios-sdk" */ = {
			isa = XCRemoteSwiftPackageReference;
			repositoryURL = "https://github.com/firebase/firebase-ios-sdk.git";
			requirement = {
				kind = upToNextMajorVersion;
				minimumVersion = 12.19.2;
			};
		};
		100544DE2DFA62B9006D8C3C /* XCRemoteSwiftPackageReference "ApphudSDK" */ = {
			isa = XCRemoteSwiftPackageReference;
			repositoryURL = "https://github.com/apphud/ApphudSDK";
			requirement = {
				kind = upToNextMajorVersion;
				minimumVersion = 3.6.2;
			};
		};
		105406433020CEF100DD8E4C /* XCRemoteSwiftPackageReference "AppsFlyerFramework-Dynamic" */ = {
			isa = XCRemoteSwiftPackageReference;
			repositoryURL = "https://github.com/AppsFlyerSDK/AppsFlyerFramework-Dynamic";
			requirement = {
				kind = upToNextMajorVersion;
				minimumVersion = 7.0.1;
			};
		};
		1061A1B12DF0EA5B00206F61 /* XCRemoteSwiftPackageReference "SnapKit" */ = {
			isa = XCRemoteSwiftPackageReference;
			repositoryURL = "https://github.com/SnapKit/SnapKit";
			requirement = {
				kind = upToNextMajorVersion;
				minimumVersion = 5.7.1;
			};
		};
		1061A34A2DF20D0400206F61 /* XCRemoteSwiftPackageReference "realm-swift" */ = {
			isa = XCRemoteSwiftPackageReference;
			repositoryURL = "https://github.com/realm/realm-swift.git";
			requirement = {
				branch = master;
				kind = branch;
			};
		};
		10FEF1E22FF8A42600244173 /* XCRemoteSwiftPackageReference "youtube-ios-player-helper" */ = {
			isa = XCRemoteSwiftPackageReference;
			repositoryURL = "https://github.com/youtube/youtube-ios-player-helper";
			requirement = {
				kind = upToNextMajorVersion;
				minimumVersion = 1.0.4;
			};
		};
/* End XCRemoteSwiftPackageReference section */

/* Begin XCSwiftPackageProductDependency section */
		10010F6D3071D9A900475C31 /* FirebaseCore */ = {
			isa = XCSwiftPackageProductDependency;
			package = 10010F6C3071D9A900475C31 /* XCRemoteSwiftPackageReference "firebase-ios-sdk" */;
			productName = FirebaseCore;
		};
		10010F6F3071D9A900475C31 /* FirebaseFirestore */ = {
			isa = XCSwiftPackageProductDependency;
			package = 10010F6C3071D9A900475C31 /* XCRemoteSwiftPackageReference "firebase-ios-sdk" */;
			productName = FirebaseFirestore;
		};
		10010F713071DCF900475C31 /* FirebaseDatabase */ = {
			isa = XCSwiftPackageProductDependency;
			package = 10010F6C3071D9A900475C31 /* XCRemoteSwiftPackageReference "firebase-ios-sdk" */;
			productName = FirebaseDatabase;
		};
		100544DF2DFA62B9006D8C3C /* ApphudSDK */ = {
			isa = XCSwiftPackageProductDependency;
			package = 100544DE2DFA62B9006D8C3C /* XCRemoteSwiftPackageReference "ApphudSDK" */;
			productName = ApphudSDK;
		};
		105406443020CEF100DD8E4C /* AppsFlyerLib-Dynamic */ = {
			isa = XCSwiftPackageProductDependency;
			package = 105406433020CEF100DD8E4C /* XCRemoteSwiftPackageReference "AppsFlyerFramework-Dynamic" */;
			productName = "AppsFlyerLib-Dynamic";
		};
		1061A1B22DF0EA5B00206F61 /* SnapKit */ = {
			isa = XCSwiftPackageProductDependency;
			package = 1061A1B12DF0EA5B00206F61 /* XCRemoteSwiftPackageReference "SnapKit" */;
			productName = SnapKit;
		};
		1061A34D2DF20D0400206F61 /* RealmSwift */ = {
			isa = XCSwiftPackageProductDependency;
			package = 1061A34A2DF20D0400206F61 /* XCRemoteSwiftPackageReference "realm-swift" */;
			productName = RealmSwift;
		};
		10FEF1E32FF8A42600244173 /* YouTubeiOSPlayerHelper */ = {
			isa = XCSwiftPackageProductDependency;
			package = 10FEF1E22FF8A42600244173 /* XCRemoteSwiftPackageReference "youtube-ios-player-helper" */;
			productName = YouTubeiOSPlayerHelper;
		};
/* End XCSwiftPackageProductDependency section */
	};
	rootObject = 1061A1792DF0E9AD00206F61 /* Project object */;
}
